
Microsoft Visual Studio Solution File, Format Version 12.00
# Visual Studio Version 17
VisualStudioVersion = 17.14.36310.24 d17.14
MinimumVisualStudioVersion = 10.0.40219.1
Project("{FAE04EC0-301F-11D3-BF4B-00C04F79EFBC}") = "BubbleSort", "BubbleSort\BubbleSort.csproj", "{FD87A85A-8084-48DC-921C-0A6609BF3CF1}"
EndProject
Global
	GlobalSection(SolutionConfigurationPlatforms) = preSolution
		Debug|Any CPU = Debug|Any CPU
		Release|Any CPU = Release|Any CPU
	EndGlobalSection
	GlobalSection(ProjectConfigurationPlatforms) = postSolution
		{FD87A85A-8084-48DC-921C-0A6609BF3CF1}.Debug|Any CPU.ActiveCfg = Debug|Any CPU
		{FD87A85A-8084-48DC-921C-0A6609BF3CF1}.Debug|Any CPU.Build.0 = Debug|Any CPU
		{FD87A85A-8084-48DC-921C-0A6609BF3CF1}.Release|Any CPU.ActiveCfg = Release|Any CPU
		{FD87A85A-8084-48DC-921C-0A6609BF3CF1}.Release|Any CPU.Build.0 = Release|Any CPU
	EndGlobalSection
	GlobalSection(SolutionProperties) = preSolution
		HideSolutionNode = FALSE
	EndGlobalSection
	GlobalSection(ExtensibilityGlobals) = postSolution
		SolutionGuid = {FC2E32F8-EC12-4095-9F13-F02B55BDA8BE}
	EndGlobalSection
EndGlobal
